
Microsoft Visual Studio Solution File, Format Version 12.00
# Visual Studio 14
VisualStudioVersion = 14.0.23107.0
MinimumVisualStudioVersion = 10.0.40219.1
Project("{FAE04EC0-301F-11D3-BF4B-00C04F79EFBC}") = "ReplayAnalyzer.Console", "ReplayAnalyzer.Console\ReplayAnalyzer.Console.csproj", "{14405695-A487-4223-8B22-0BD02C4F3596}"
EndProject
Project("{FAE04EC0-301F-11D3-BF4B-00C04F79EFBC}") = "ReplayAnalyzer.Domain", "ReplayAnalyzer.Domain\ReplayAnalyzer.Domain.csproj", "{38FE79ED-B06C-489D-831A-92247D91A23D}"
EndProject
Project("{FAE04EC0-301F-11D3-BF4B-00C04F79EFBC}") = "ReplayAnalyzer.Specs", "ReplayAnalyzer.Specs\ReplayAnalyzer.Specs.csproj", "{13E27AC7-CA8B-47C2-A305-F3B562ED478C}"
EndProject
Project("{FAE04EC0-301F-11D3-BF4B-00C04F79EFBC}") = "ReplayAnalyzer.UnitTests", "ReplayAnalyzer.UnitTests\ReplayAnalyzer.UnitTests.csproj", "{5B3BAB23-C8FF-401E-B913-2C3A66408168}"
EndProject
Global
	GlobalSection(SolutionConfigurationPlatforms) = preSolution
		Debug|Any CPU = Debug|Any CPU
		Release|Any CPU = Release|Any CPU
	EndGlobalSection
	GlobalSection(ProjectConfigurationPlatforms) = postSolution
		{14405695-A487-4223-8B22-0BD02C4F3596}.Debug|Any CPU.ActiveCfg = Debug|Any CPU
		{14405695-A487-4223-8B22-0BD02C4F3596}.Debug|Any CPU.Build.0 = Debug|Any CPU
		{14405695-A487-4223-8B22-0BD02C4F3596}.Release|Any CPU.ActiveCfg = Release|Any CPU
		{14405695-A487-4223-8B22-0BD02C4F3596}.Release|Any CPU.Build.0 = Release|Any CPU
		{38FE79ED-B06C-489D-831A-92247D91A23D}.Debug|Any CPU.ActiveCfg = Debug|Any CPU
		{38FE79ED-B06C-489D-831A-92247D91A23D}.Debug|Any CPU.Build.0 = Debug|Any CPU
		{38FE79ED-B06C-489D-831A-92247D91A23D}.Release|Any CPU.ActiveCfg = Release|Any CPU
		{38FE79ED-B06C-489D-831A-92247D91A23D}.Release|Any CPU.Build.0 = Release|Any CPU
		{13E27AC7-CA8B-47C2-A305-F3B562ED478C}.Debug|Any CPU.ActiveCfg = Debug|Any CPU
		{13E27AC7-CA8B-47C2-A305-F3B562ED478C}.Debug|Any CPU.Build.0 = Debug|Any CPU
		{13E27AC7-CA8B-47C2-A305-F3B562ED478C}.Release|Any CPU.ActiveCfg = Release|Any CPU
		{13E27AC7-CA8B-47C2-A305-F3B562ED478C}.Release|Any CPU.Build.0 = Release|Any CPU
		{5B3BAB23-C8FF-401E-B913-2C3A66408168}.Debug|Any CPU.ActiveCfg = Debug|Any CPU
		{5B3BAB23-C8FF-401E-B913-2C3A66408168}.Debug|Any CPU.Build.0 = Debug|Any CPU
		{5B3BAB23-C8FF-401E-B913-2C3A66408168}.Release|Any CPU.ActiveCfg = Release|Any CPU
		{5B3BAB23-C8FF-401E-B913-2C3A66408168}.Release|Any CPU.Build.0 = Release|Any CPU
	EndGlobalSection
	GlobalSection(SolutionProperties) = preSolution
		HideSolutionNode = FALSE
	EndGlobalSection
EndGlobal
